{
  "lockfile-version": 0,
  "manifest": {
    "hook": {},
    "install": {
      "cowsay": {
        "pkg-path": "cowsay"
      },
      "sl": {
        "pkg-path": "sl"
      }
    },
    "options": {
      "systems": [
        "x86_64-linux"
      ]
    },
    "profile": {},
    "registry": {
      "defaults": {
        "subtrees": null
      },
      "inputs": {
        "nixpkgs": {
          "from": {
            "owner": "NixOS",
            "ref": "release-23.11",
            "repo": "nixpkgs",
            "type": "github"
          },
          "subtrees": [
            "legacyPackages"
          ]
        }
      },
      "priority": [
        "nixpkgs"
      ]
    },
    "vars": {}
  },
  "packages": {
    "x86_64-linux": {
      "cowsay": {
        "attr-path": [
          "legacyPackages",
          "x86_64-linux",
          "cowsay"
        ],
        "info": {
          "broken": false,
          "description": "A program which generates ASCII pictures of a cow with a message",
          "license": "GPL-3.0-only",
          "pname": "cowsay",
          "unfree": false,
          "version": "3.7.0"
        },
        "input": {
          "attrs": {
            "lastModified": 1714705973,
            "narHash": "sha256-gDD4uj1ACSpBm6mHHc9FQE+NYZxyAMxdRTMb6iGfSkY=",
            "owner": "NixOS",
            "repo": "nixpkgs",
            "rev": "2ee9e55e157c05e3f50233574fffdece414c37c6",
            "type": "github"
          },
          "fingerprint": "36c4c02da3e0efe74de9944953ab412ed71f7f6bee450570ac5b84d2cfdb7dc7",
          "url": "github:NixOS/nixpkgs/2ee9e55e157c05e3f50233574fffdece414c37c6"
        },
        "priority": 5
      },
      "sl": {
        "attr-path": [
          "legacyPackages",
          "x86_64-linux",
          "sl"
        ],
        "info": {
          "broken": false,
          "description": "Steam Locomotive runs across your terminal when you type 'sl'",
          "license": null,
          "pname": "sl",
          "unfree": false,
          "version": "5.05"
        },
        "input": {
          "attrs": {
            "lastModified": 1714705973,
            "narHash": "sha256-gDD4uj1ACSpBm6mHHc9FQE+NYZxyAMxdRTMb6iGfSkY=",
            "owner": "NixOS",
            "repo": "nixpkgs",
            "rev": "2ee9e55e157c05e3f50233574fffdece414c37c6",
            "type": "github"
          },
          "fingerprint": "36c4c02da3e0efe74de9944953ab412ed71f7f6bee450570ac5b84d2cfdb7dc7",
          "url": "github:NixOS/nixpkgs/2ee9e55e157c05e3f50233574fffdece414c37c6"
        },
        "priority": 5
      }
    }
  },
  "registry": {
    "defaults": {
      "subtrees": null
    },
    "inputs": {
      "nixpkgs": {
        "from": {
          "lastModified": 1714782413,
          "narHash": "sha256-tbg0MEuKaPcUrnmGCu4xiY5F+7LW2+ECPKVAJd2HLwM=",
          "owner": "NixOS",
          "repo": "nixpkgs",
          "rev": "651b4702e27a388f0f18e1b970534162dec09aff",
          "type": "github"
        },
        "subtrees": [
          "legacyPackages"
        ]
      }
    },
    "priority": [
      "nixpkgs"
    ]
  }
}